{
  "name": "vue-tiny-rate",
  "version": "0.1.5",
  "lockfileVersion": 1,
  "requires": true,
  "dependencies": {
    "tiny-rate": {
      "version": "0.1.0",
      "resolved": "https://registry.npmjs.org/tiny-rate/-/tiny-rate-0.1.0.tgz",
      "integrity": "sha512-92GbMwxL59jkNwzZ4IY2bWM+7L5puy06WPliZXMAwVpgxIzS7jYdcnNwcE7R9el/daRlqVYMesOoZKkVSjCH6g=="
    }
  }
}
